
Microsoft Visual Studio Solution File, Format Version 12.00
# Visual Studio Version 16
VisualStudioVersion = 16.0.30907.101
MinimumVisualStudioVersion = 10.0.40219.1
Project("{FAE04EC0-301F-11D3-BF4B-00C04F79EFBC}") = "OnlineCourseManagement", "OnlineCourseManagement\OnlineCourseManagement.csproj", "{0104C8ED-0067-4DB5-BF90-5FAEB364610A}"
EndProject
Global
	GlobalSection(SolutionConfigurationPlatforms) = preSolution
		Debug|Any CPU = Debug|Any CPU
		Release|Any CPU = Release|Any CPU
	EndGlobalSection
	GlobalSection(ProjectConfigurationPlatforms) = postSolution
		{0104C8ED-0067-4DB5-BF90-5FAEB364610A}.Debug|Any CPU.ActiveCfg = Debug|Any CPU
		{0104C8ED-0067-4DB5-BF90-5FAEB364610A}.Debug|Any CPU.Build.0 = Debug|Any CPU
		{0104C8ED-0067-4DB5-BF90-5FAEB364610A}.Release|Any CPU.ActiveCfg = Release|Any CPU
		{0104C8ED-0067-4DB5-BF90-5FAEB364610A}.Release|Any CPU.Build.0 = Release|Any CPU
	EndGlobalSection
	GlobalSection(SolutionProperties) = preSolution
		HideSolutionNode = FALSE
	EndGlobalSection
	GlobalSection(ExtensibilityGlobals) = postSolution
		SolutionGuid = {64FD014D-E02A-4377-9C25-C2925B45E3B7}
	EndGlobalSection
EndGlobal
